// !$*UTF8*$!
{
	archiveVersion = 1;
	classes = {
	};
	objectVersion = 50;
	objects = {

/* Begin PBXBuildFile section */
		85024BC1233F757800C01513 /* LaunchScreen.storyboard in Resources */ = {isa = PBXBuildFile; fileRef = 85024BC0233F757800C01513 /* LaunchScreen.storyboard */; };
		85024BC3233F75DE00C01513 /* SceneDelegate.swift in Sources */ = {isa = PBXBuildFile; fileRef = 85024BC2233F75DE00C01513 /* SceneDelegate.swift */; };
		85024BCB233F7ADA00C01513 /* EntreesListTableViewController.swift in Sources */ = {isa = PBXBuildFile; fileRef = 85024BCA233F7ADA00C01513 /* EntreesListTableViewController.swift */; };
		85FA8B71233F45F1004E3569 /* AppDelegate.swift in Sources */ = {isa = PBXBuildFile; fileRef = 85FA8B70233F45F1004E3569 /* AppDelegate.swift */; };
		85FA8B78233F45F1004E3569 /* Main.storyboard in Resources */ = {isa = PBXBuildFile; fileRef = 85FA8B76233F45F1004E3569 /* Main.storyboard */; };
		85FA8B7B233F45F1004E3569 /* iOrderRestaurantApp.xcdatamodeld in Sources */ = {isa = PBXBuildFile; fileRef = 85FA8B79233F45F1004E3569 /* iOrderRestaurantApp.xcdatamodeld */; };
		85FA8B7D233F45F3004E3569 /* Assets.xcassets in Resources */ = {isa = PBXBuildFile; fileRef = 85FA8B7C233F45F3004E3569 /* Assets.xcassets */; };
		85FA8B88233F46BD004E3569 /* OrdersViewController.swift in Sources */ = {isa = PBXBuildFile; fileRef = 85FA8B87233F46BD004E3569 /* OrdersViewController.swift */; };
		85FA8B8A233F4736004E3569 /* OrderViewController.swift in Sources */ = {isa = PBXBuildFile; fileRef = 85FA8B89233F4736004E3569 /* OrderViewController.swift */; };
/* End PBXBuildFile section */

/* Begin PBXFileReference section */
		85024BC0233F757800C01513 /* LaunchScreen.storyboard */ = {isa = PBXFileReference; fileEncoding = 4; lastKnownFileType = file.storyboard; path = LaunchScreen.storyboard; sourceTree = "<group>"; };
		85024BC2233F75DE00C01513 /* SceneDelegate.swift */ = {isa = PBXFileReference; fileEncoding = 4; lastKnownFileType = sourcecode.swift; path = SceneDelegate.swift; sourceTree = "<group>"; };
		85024BCA233F7ADA00C01513 /* EntreesListTableViewController.swift */ = {isa = PBXFileReference; lastKnownFileType = sourcecode.swift; path = EntreesListTableViewController.swift; sourceTree = "<group>"; };
		85FA8B6D233F45F1004E3569 /* iOrderRestaurantApp.app */ = {isa = PBXFileReference; explicitFileType = wrapper.application; includeInIndex = 0; path = iOrderRestaurantApp.app; sourceTree = BUILT_PRODUCTS_DIR; };
		85FA8B70233F45F1004E3569 /* AppDelegate.swift */ = {isa = PBXFileReference; lastKnownFileType = sourcecode.swift; path = AppDelegate.swift; sourceTree = "<group>"; };
		85FA8B77233F45F1004E3569 /* Base */ = {isa = PBXFileReference; lastKnownFileType = file.storyboard; name = Base; path = Base.lproj/Main.storyboard; sourceTree = "<group>"; };
		85FA8B7A233F45F1004E3569 /* iOrderRestaurantApp.xcdatamodel */ = {isa = PBXFileReference; lastKnownFileType = wrapper.xcdatamodel; path = iOrderRestaurantApp.xcdatamodel; sourceTree = "<group>"; };
		85FA8B7C233F45F3004E3569 /* Assets.xcassets */ = {isa = PBXFileReference; lastKnownFileType = folder.assetcatalog; path = Assets.xcassets; sourceTree = "<group>"; };
		85FA8B81233F45F3004E3569 /* Info.plist */ = {isa = PBXFileReference; lastKnownFileType = text.plist.xml; path = Info.plist; sourceTree = "<group>"; };
		85FA8B87233F46BD004E3569 /* OrdersViewController.swift */ = {isa = PBXFileReference; lastKnownFileType = sourcecode.swift; path = OrdersViewController.swift; sourceTree = "<group>"; };
		85FA8B89233F4736004E3569 /* OrderViewController.swift */ = {isa = PBXFileReference; lastKnownFileType = sourcecode.swift; path = OrderViewController.swift; sourceTree = "<group>"; };
/* End PBXFileReference section */

/* Begin PBXFrameworksBuildPhase section */
		85FA8B6A233F45F1004E3569 /* Frameworks */ = {
			isa = PBXFrameworksBuildPhase;
			buildActionMask = 2147483647;
			files = (
			);
			runOnlyForDeploymentPostprocessing = 0;
		};
/* End PBXFrameworksBuildPhase section */

/* Begin PBXGroup section */
		85024BC4233F760D00C01513 /* Views */ = {
			isa = PBXGroup;
			children = (
				85024BC0233F757800C01513 /* LaunchScreen.storyboard */,
				85FA8B76233F45F1004E3569 /* Main.storyboard */,
				85024BC2233F75DE00C01513 /* SceneDelegate.swift */,
			);
			path = Views;
			sourceTree = "<group>";
		};
		85024BC5233F761E00C01513 /* Controllers */ = {
			isa = PBXGroup;
			children = (
				85FA8B89233F4736004E3569 /* OrderViewController.swift */,
				85FA8B87233F46BD004E3569 /* OrdersViewController.swift */,
				85024BCA233F7ADA00C01513 /* EntreesListTableViewController.swift */,
			);
			path = Controllers;
			sourceTree = "<group>";
		};
		85024BC6233F764700C01513 /* Data Model */ = {
			isa = PBXGroup;
			children = (
				85FA8B79233F45F1004E3569 /* iOrderRestaurantApp.xcdatamodeld */,
			);
			path = "Data Model";
			sourceTree = "<group>";
		};
		85FA8B64233F45F1004E3569 = {
			isa = PBXGroup;
			children = (
				85FA8B6F233F45F1004E3569 /* iOrderRestaurantApp */,
				85FA8B6E233F45F1004E3569 /* Products */,
			);
			sourceTree = "<group>";
		};
		85FA8B6E233F45F1004E3569 /* Products */ = {
			isa = PBXGroup;
			children = (
				85FA8B6D233F45F1004E3569 /* iOrderRestaurantApp.app */,
			);
			name = Products;
			sourceTree = "<group>";
		};
		85FA8B6F233F45F1004E3569 /* iOrderRestaurantApp */ = {
			isa = PBXGroup;
			children = (
				85FA8B70233F45F1004E3569 /* AppDelegate.swift */,
				85FA8B81233F45F3004E3569 /* Info.plist */,
				85FA8B7C233F45F3004E3569 /* Assets.xcassets */,
				85024BC5233F761E00C01513 /* Controllers */,
				85024BC4233F760D00C01513 /* Views */,
				85024BC6233F764700C01513 /* Data Model */,
			);
			path = iOrderRestaurantApp;
			sourceTree = "<group>";
		};
/* End PBXGroup section */

/* Begin PBXNativeTarget section */
		85FA8B6C233F45F1004E3569 /* iOrderRestaurantApp */ = {
			isa = PBXNativeTarget;
			buildConfigurationList = 85FA8B84233F45F3004E3569 /* Build configuration list for PBXNativeTarget "iOrderRestaurantApp" */;
			buildPhases = (
				85FA8B69233F45F1004E3569 /* Sources */,
				85FA8B6A233F45F1004E3569 /* Frameworks */,
				85FA8B6B233F45F1004E3569 /* Resources */,
			);
			buildRules = (
			);
			dependencies = (
			);
			name = iOrderRestaurantApp;
			productName = iOrderRestaurantApp;
			productReference = 85FA8B6D233F45F1004E3569 /* iOrderRestaurantApp.app */;
			productType = "com.apple.product-type.application";
		};
/* End PBXNativeTarget section */

/* Begin PBXProject section */
		85FA8B65233F45F1004E3569 /* Project object */ = {
			isa = PBXProject;
			attributes = {
				LastSwiftUpdateCheck = 1100;
				LastUpgradeCheck = 1100;
				ORGANIZATIONNAME = "Behnam Ebrahimi";
				TargetAttributes = {
					85FA8B6C233F45F1004E3569 = {
						CreatedOnToolsVersion = 11.0;
					};
				};
			};
			buildConfigurationList = 85FA8B68233F45F1004E3569 /* Build configuration list for PBXProject "iOrderRestaurantApp" */;
			compatibilityVersion = "Xcode 9.3";
			developmentRegion = en;
			hasScannedForEncodings = 0;
			knownRegions = (
				en,
				Base,
			);
			mainGroup = 85FA8B64233F45F1004E3569;
			productRefGroup = 85FA8B6E233F45F1004E3569 /* Products */;
			projectDirPath = "";
			projectRoot = "";
			targets = (
				85FA8B6C233F45F1004E3569 /* iOrderRestaurantApp */,
			);
		};
/* End PBXProject section */

/* Begin PBXResourcesBuildPhase section */
		85FA8B6B233F45F1004E3569 /* Resources */ = {
			isa = PBXResourcesBuildPhase;
			buildActionMask = 2147483647;
			files = (
				85024BC1233F757800C01513 /* LaunchScreen.storyboard in Resources */,
				85FA8B7D233F45F3004E3569 /* Assets.xcassets in Resources */,
				85FA8B78233F45F1004E3569 /* Main.storyboard in Resources */,
			);
			runOnlyForDeploymentPostprocessing = 0;
		};
/* End PBXResourcesBuildPhase section */

/* Begin PBXSourcesBuildPhase section */
		85FA8B69233F45F1004E3569 /* Sources */ = {
			isa = PBXSourcesBuildPhase;
			buildActionMask = 2147483647;
			files = (
				85024BC3233F75DE00C01513 /* SceneDelegate.swift in Sources */,
				85FA8B71233F45F1004E3569 /* AppDelegate.swift in Sources */,
				85FA8B8A233F4736004E3569 /* OrderViewController.swift in Sources */,
				85FA8B7B233F45F1004E3569 /* iOrderRestaurantApp.xcdatamodeld in Sources */,
				85024BCB233F7ADA00C01513 /* EntreesListTableViewController.swift in Sources */,
				85FA8B88233F46BD004E3569 /* OrdersViewController.swift in Sources */,
			);
			runOnlyForDeploymentPostprocessing = 0;
		};
/* End PBXSourcesBuildPhase section */

/* Begin PBXVariantGroup section */
		85FA8B76233F45F1004E3569 /* Main.storyboard */ = {
			isa = PBXVariantGroup;
			children = (
				85FA8B77233F45F1004E3569 /* Base */,
			);
			name = Main.storyboard;
			sourceTree = "<group>";
		};
/* End PBXVariantGroup section */

/* Begin XCBuildConfiguration section */
		85FA8B82233F45F3004E3569 /* Debug */ = {
			isa = XCBuildConfiguration;
			buildSettings = {
				ALWAYS_SEARCH_USER_PATHS = NO;
				CLANG_ANALYZER_NONNULL = YES;
				CLANG_ANALYZER_NUMBER_OBJECT_CONVERSION = YES_AGGRESSIVE;
				CLANG_CXX_LANGUAGE_STANDARD = "gnu++14";
				CLANG_CXX_LIBRARY = "libc++";
				CLANG_ENABLE_MODULES = YES;
				CLANG_ENABLE_OBJC_ARC = YES;
				CLANG_ENABLE_OBJC_WEAK = YES;
				CLANG_WARN_BLOCK_CAPTURE_AUTORELEASING = YES;
				CLANG_WARN_BOOL_CONVERSION = YES;
				CLANG_WARN_COMMA = YES;
				CLANG_WARN_CONSTANT_CONVERSION = YES;
				CLANG_WARN_DEPRECATED_OBJC_IMPLEMENTATIONS = YES;
				CLANG_WARN_DIRECT_OBJC_ISA_USAGE = YES_ERROR;
				CLANG_WARN_DOCUMENTATION_COMMENTS = YES;
				CLANG_WARN_EMPTY_BODY = YES;
				CLANG_WARN_ENUM_CONVERSION = YES;
				CLANG_WARN_INFINITE_RECURSION = YES;
				CLANG_WARN_INT_CONVERSION = YES;
				CLANG_WARN_NON_LITERAL_NULL_CONVERSION = YES;
				CLANG_WARN_OBJC_IMPLICIT_RETAIN_SELF = YES;
				CLANG_WARN_OBJC_LITERAL_CONVERSION = YES;
				CLANG_WARN_OBJC_ROOT_CLASS = YES_ERROR;
				CLANG_WARN_RANGE_LOOP_ANALYSIS = YES;
				CLANG_WARN_STRICT_PROTOTYPES = YES;
				CLANG_WARN_SUSPICIOUS_MOVE = YES;
				CLANG_WARN_UNGUARDED_AVAILABILITY = YES_AGGRESSIVE;
				CLANG_WARN_UNREACHABLE_CODE = YES;
				CLANG_WARN__DUPLICATE_METHOD_MATCH = YES;
				COPY_PHASE_STRIP = NO;
				DEBUG_INFORMATION_FORMAT = dwarf;
				ENABLE_STRICT_OBJC_MSGSEND = YES;
				ENABLE_TESTABILITY = YES;
				GCC_C_LANGUAGE_STANDARD = gnu11;
				GCC_DYNAMIC_NO_PIC = NO;
				GCC_NO_COMMON_BLOCKS = YES;
				GCC_OPTIMIZATION_LEVEL = 0;
				GCC_PREPROCESSOR_DEFINITIONS = (
					"DEBUG=1",
					"$(inherited)",
				);
				GCC_WARN_64_TO_32_BIT_CONVERSION = YES;
				GCC_WARN_ABOUT_RETURN_TYPE = YES_ERROR;
				GCC_WARN_UNDECLARED_SELECTOR = YES;
				GCC_WARN_UNINITIALIZED_AUTOS = YES_AGGRESSIVE;
				GCC_WARN_UNUSED_FUNCTION = YES;
				GCC_WARN_UNUSED_VARIABLE = YES;
				IPHONEOS_DEPLOYMENT_TARGET = 13.0;
				MTL_ENABLE_DEBUG_INFO = INCLUDE_SOURCE;
				MTL_FAST_MATH = YES;
				ONLY_ACTIVE_ARCH = YES;
				SDKROOT = iphoneos;
				SWIFT_ACTIVE_COMPILATION_CONDITIONS = DEBUG;
				SWIFT_OPTIMIZATION_LEVEL = "-Onone";
			};
			name = Debug;
		};
		85FA8B83233F45F3004E3569 /* Release */ = {
			isa = XCBuildConfiguration;
			buildSettings = {
				ALWAYS_SEARCH_USER_PATHS = NO;
				CLANG_ANALYZER_NONNULL = YES;
				CLANG_ANALYZER_NUMBER_OBJECT_CONVERSION = YES_AGGRESSIVE;
				CLANG_CXX_LANGUAGE_STANDARD = "gnu++14";
				CLANG_CXX_LIBRARY = "libc++";
				CLANG_ENABLE_MODULES = YES;
				CLANG_ENABLE_OBJC_ARC = YES;
				CLANG_ENABLE_OBJC_WEAK = YES;
				CLANG_WARN_BLOCK_CAPTURE_AUTORELEASING = YES;
				CLANG_WARN_BOOL_CONVERSION = YES;
				CLANG_WARN_COMMA = YES;
				CLANG_WARN_CONSTANT_CONVERSION = YES;
				CLANG_WARN_DEPRECATED_OBJC_IMPLEMENTATIONS = YES;
				CLANG_WARN_DIRECT_OBJC_ISA_USAGE = YES_ERROR;
				CLANG_WARN_DOCUMENTATION_COMMENTS = YES;
				CLANG_WARN_EMPTY_BODY = YES;
				CLANG_WARN_ENUM_CONVERSION = YES;
				CLANG_WARN_INFINITE_RECURSION = YES;
				CLANG_WARN_INT_CONVERSION = YES;
				CLANG_WARN_NON_LITERAL_NULL_CONVERSION = YES;
				CLANG_WARN_OBJC_IMPLICIT_RETAIN_SELF = YES;
				CLANG_WARN_OBJC_LITERAL_CONVERSION = YES;
				CLANG_WARN_OBJC_ROOT_CLASS = YES_ERROR;
				CLANG_WARN_RANGE_LOOP_ANALYSIS = YES;
				CLANG_WARN_STRICT_PROTOTYPES = YES;
				CLANG_WARN_SUSPICIOUS_MOVE = YES;
				CLANG_WARN_UNGUARDED_AVAILABILITY = YES_AGGRESSIVE;
				CLANG_WARN_UNREACHABLE_CODE = YES;
				CLANG_WARN__DUPLICATE_METHOD_MATCH = YES;
				COPY_PHASE_STRIP = NO;
				DEBUG_INFORMATION_FORMAT = "dwarf-with-dsym";
				ENABLE_NS_ASSERTIONS = NO;
				ENABLE_STRICT_OBJC_MSGSEND = YES;
				GCC_C_LANGUAGE_STANDARD = gnu11;
				GCC_NO_COMMON_BLOCKS = YES;
				GCC_WARN_64_TO_32_BIT_CONVERSION = YES;
				GCC_WARN_ABOUT_RETURN_TYPE = YES_ERROR;
				GCC_WARN_UNDECLARED_SELECTOR = YES;
				GCC_WARN_UNINITIALIZED_AUTOS = YES_AGGRESSIVE;
				GCC_WARN_UNUSED_FUNCTION = YES;
				GCC_WARN_UNUSED_VARIABLE = YES;
				IPHONEOS_DEPLOYMENT_TARGET = 13.0;
				MTL_ENABLE_DEBUG_INFO = NO;
				MTL_FAST_MATH = YES;
				SDKROOT = iphoneos;
				SWIFT_COMPILATION_MODE = wholemodule;
				SWIFT_OPTIMIZATION_LEVEL = "-O";
				VALIDATE_PRODUCT = YES;
			};
			name = Release;
		};
		85FA8B85233F45F3004E3569 /* Debug */ = {
			isa = XCBuildConfiguration;
			buildSettings = {
				ASSETCATALOG_COMPILER_APPICON_NAME = AppIcon;
				CODE_SIGN_STYLE = Automatic;
				INFOPLIST_FILE = iOrderRestaurantApp/Info.plist;
				LD_RUNPATH_SEARCH_PATHS = (
					"$(inherited)",
					"@executable_path/Frameworks",
				);
				PRODUCT_BUNDLE_IDENTIFIER = "Behnam-Ebrahimi.iOrderRestaurantApp";
				PRODUCT_NAME = "$(TARGET_NAME)";
				SWIFT_VERSION = 5.0;
				TARGETED_DEVICE_FAMILY = "1,2";
			};
			name = Debug;
		};
		85FA8B86233F45F3004E3569 /* Release */ = {
			isa = XCBuildConfiguration;
			buildSettings = {
				ASSETCATALOG_COMPILER_APPICON_NAME = AppIcon;
				CODE_SIGN_STYLE = Automatic;
				INFOPLIST_FILE = iOrderRestaurantApp/Info.plist;
				LD_RUNPATH_SEARCH_PATHS = (
					"$(inherited)",
					"@executable_path/Frameworks",
				);
				PRODUCT_BUNDLE_IDENTIFIER = "Behnam-Ebrahimi.iOrderRestaurantApp";
				PRODUCT_NAME = "$(TARGET_NAME)";
				SWIFT_VERSION = 5.0;
				TARGETED_DEVICE_FAMILY = "1,2";
			};
			name = Release;
		};
/* End XCBuildConfiguration section */

/* Begin XCConfigurationList section */
		85FA8B68233F45F1004E3569 /* Build configuration list for PBXProject "iOrderRestaurantApp" */ = {
			isa = XCConfigurationList;
			buildConfigurations = (
				85FA8B82233F45F3004E3569 /* Debug */,
				85FA8B83233F45F3004E3569 /* Release */,
			);
			defaultConfigurationIsVisible = 0;
			defaultConfigurationName = Release;
		};
		85FA8B84233F45F3004E3569 /* Build configuration list for PBXNativeTarget "iOrderRestaurantApp" */ = {
			isa = XCConfigurationList;
			buildConfigurations = (
				85FA8B85233F45F3004E3569 /* Debug */,
				85FA8B86233F45F3004E3569 /* Release */,
			);
			defaultConfigurationIsVisible = 0;
			defaultConfigurationName = Release;
		};
/* End XCConfigurationList section */

/* Begin XCVersionGroup section */
		85FA8B79233F45F1004E3569 /* iOrderRestaurantApp.xcdatamodeld */ = {
			isa = XCVersionGroup;
			children = (
				85FA8B7A233F45F1004E3569 /* iOrderRestaurantApp.xcdatamodel */,
			);
			currentVersion = 85FA8B7A233F45F1004E3569 /* iOrderRestaurantApp.xcdatamodel */;
			path = iOrderRestaurantApp.xcdatamodeld;
			sourceTree = "<group>";
			versionGroupType = wrapper.xcdatamodel;
		};
/* End XCVersionGroup section */
	};
	rootObject = 85FA8B65233F45F1004E3569 /* Project object */;
}
